// !$*UTF8*$!
{
	archiveVersion = 1;
	classes = {
	};
	objectVersion = 46;
	objects = {

/* Begin PBXBuildFile section */
		0AA68A1D1BFD9B5C0053C76D /* KVObserver.m in Sources */ = {isa = PBXBuildFile; fileRef = 0AA68A1C1BFD9B5C0053C76D /* KVObserver.m */; };
		0AA68A1F1BFD9B780053C76D /* KVObserver.h in Headers */ = {isa = PBXBuildFile; fileRef = 0AA68A1E1BFD9B780053C76D /* KVObserver.h */; settings = {ATTRIBUTES = (Public, ); }; };
		9EE8AAF51BFD5B9B00739406 /* PMKVObserver.h in Headers */ = {isa = PBXBuildFile; fileRef = 9EE8AAF41BFD5B9B00739406 /* PMKVObserver.h */; settings = {ATTRIBUTES = (Public, ); }; };
		9EE8AAFC1BFD5B9B00739406 /* PMKVObserver.framework in Frameworks */ = {isa = PBXBuildFile; fileRef = 9EE8AAF11BFD5B9B00739406 /* PMKVObserver.framework */; };
		9EE8AB011BFD5B9B00739406 /* KVObserverTests.swift in Sources */ = {isa = PBXBuildFile; fileRef = 9EE8AB001BFD5B9B00739406 /* KVObserverTests.swift */; };
		9EE8AB0C1BFD5BAA00739406 /* KVObserver.swift in Sources */ = {isa = PBXBuildFile; fileRef = 9EE8AB0B1BFD5BAA00739406 /* KVObserver.swift */; };
		9EE8AB0E1BFE4CE000739406 /* PMKVObserverTests.m in Sources */ = {isa = PBXBuildFile; fileRef = 9EE8AB0D1BFE4CE000739406 /* PMKVObserverTests.m */; };
		9EE8AB101BFE4D9C00739406 /* KVOHelper.swift in Sources */ = {isa = PBXBuildFile; fileRef = 9EE8AB0F1BFE4D9C00739406 /* KVOHelper.swift */; };
/* End PBXBuildFile section */

/* Begin PBXContainerItemProxy section */
		9EE8AAFD1BFD5B9B00739406 /* PBXContainerItemProxy */ = {
			isa = PBXContainerItemProxy;
			containerPortal = 9EE8AAE81BFD5B9B00739406 /* Project object */;
			proxyType = 1;
			remoteGlobalIDString = 9EE8AAF01BFD5B9B00739406;
			remoteInfo = PMKVObserver;
		};
/* End PBXContainerItemProxy section */

/* Begin PBXFileReference section */
		0AA68A1C1BFD9B5C0053C76D /* KVObserver.m */ = {isa = PBXFileReference; fileEncoding = 4; lastKnownFileType = sourcecode.c.objc; path = KVObserver.m; sourceTree = "<group>"; };
		0AA68A1E1BFD9B780053C76D /* KVObserver.h */ = {isa = PBXFileReference; fileEncoding = 4; lastKnownFileType = sourcecode.c.h; path = KVObserver.h; sourceTree = "<group>"; };
		9E681D171C58312500422CE4 /* LICENSE-APACHE */ = {isa = PBXFileReference; lastKnownFileType = text; path = "LICENSE-APACHE"; sourceTree = "<group>"; };
		9EE8AAF11BFD5B9B00739406 /* PMKVObserver.framework */ = {isa = PBXFileReference; explicitFileType = wrapper.framework; includeInIndex = 0; path = PMKVObserver.framework; sourceTree = BUILT_PRODUCTS_DIR; };
		9EE8AAF41BFD5B9B00739406 /* PMKVObserver.h */ = {isa = PBXFileReference; lastKnownFileType = sourcecode.c.h; path = PMKVObserver.h; sourceTree = "<group>"; };
		9EE8AAF61BFD5B9B00739406 /* Info.plist */ = {isa = PBXFileReference; lastKnownFileType = text.plist.xml; path = Info.plist; sourceTree = "<group>"; };
		9EE8AAFB1BFD5B9B00739406 /* PMKVObserverTests.xctest */ = {isa = PBXFileReference; explicitFileType = wrapper.cfbundle; includeInIndex = 0; path = PMKVObserverTests.xctest; sourceTree = BUILT_PRODUCTS_DIR; };
		9EE8AB001BFD5B9B00739406 /* KVObserverTests.swift */ = {isa = PBXFileReference; lastKnownFileType = sourcecode.swift; path = KVObserverTests.swift; sourceTree = "<group>"; };
		9EE8AB021BFD5B9B00739406 /* Info.plist */ = {isa = PBXFileReference; lastKnownFileType = text.plist.xml; path = Info.plist; sourceTree = "<group>"; };
		9EE8AB0B1BFD5BAA00739406 /* KVObserver.swift */ = {isa = PBXFileReference; fileEncoding = 4; lastKnownFileType = sourcecode.swift; path = KVObserver.swift; sourceTree = "<group>"; };
		9EE8AB0D1BFE4CE000739406 /* PMKVObserverTests.m */ = {isa = PBXFileReference; fileEncoding = 4; lastKnownFileType = sourcecode.c.objc; path = PMKVObserverTests.m; sourceTree = "<group>"; };
		9EE8AB0F1BFE4D9C00739406 /* KVOHelper.swift */ = {isa = PBXFileReference; fileEncoding = 4; lastKnownFileType = sourcecode.swift; path = KVOHelper.swift; sourceTree = "<group>"; };
		9EE8AB121BFEB39600739406 /* README.md */ = {isa = PBXFileReference; fileEncoding = 4; lastKnownFileType = net.daringfireball.markdown; path = README.md; sourceTree = "<group>"; };
		9EE8AB141BFEB42C00739406 /* LICENSE-MIT */ = {isa = PBXFileReference; lastKnownFileType = text; path = "LICENSE-MIT"; sourceTree = "<group>"; };
/* End PBXFileReference section */

/* Begin PBXFrameworksBuildPhase section */
		9EE8AAED1BFD5B9B00739406 /* Frameworks */ = {
			isa = PBXFrameworksBuildPhase;
			buildActionMask = 2147483647;
			files = (
			);
			runOnlyForDeploymentPostprocessing = 0;
		};
		9EE8AAF81BFD5B9B00739406 /* Frameworks */ = {
			isa = PBXFrameworksBuildPhase;
			buildActionMask = 2147483647;
			files = (
				9EE8AAFC1BFD5B9B00739406 /* PMKVObserver.framework in Frameworks */,
			);
			runOnlyForDeploymentPostprocessing = 0;
		};
/* End PBXFrameworksBuildPhase section */

/* Begin PBXGroup section */
		9EE8AAE71BFD5B9B00739406 = {
			isa = PBXGroup;
			children = (
				9EE8AB121BFEB39600739406 /* README.md */,
				9E681D171C58312500422CE4 /* LICENSE-APACHE */,
				9EE8AB141BFEB42C00739406 /* LICENSE-MIT */,
				9EE8AAF31BFD5B9B00739406 /* PMKVObserver */,
				9EE8AAFF1BFD5B9B00739406 /* PMKVObserverTests */,
				9EE8AAF21BFD5B9B00739406 /* Products */,
			);
			sourceTree = "<group>";
		};
		9EE8AAF21BFD5B9B00739406 /* Products */ = {
			isa = PBXGroup;
			children = (
				9EE8AAF11BFD5B9B00739406 /* PMKVObserver.framework */,
				9EE8AAFB1BFD5B9B00739406 /* PMKVObserverTests.xctest */,
			);
			name = Products;
			sourceTree = "<group>";
		};
		9EE8AAF31BFD5B9B00739406 /* PMKVObserver */ = {
			isa = PBXGroup;
			children = (
				9EE8AAF41BFD5B9B00739406 /* PMKVObserver.h */,
				9EE8AB0B1BFD5BAA00739406 /* KVObserver.swift */,
				0AA68A1C1BFD9B5C0053C76D /* KVObserver.m */,
				0AA68A1E1BFD9B780053C76D /* KVObserver.h */,
				9EE8AAF61BFD5B9B00739406 /* Info.plist */,
			);
			path = PMKVObserver;
			sourceTree = "<group>";
		};
		9EE8AAFF1BFD5B9B00739406 /* PMKVObserverTests */ = {
			isa = PBXGroup;
			children = (
				9EE8AB001BFD5B9B00739406 /* KVObserverTests.swift */,
				9EE8AB0D1BFE4CE000739406 /* PMKVObserverTests.m */,
				9EE8AB0F1BFE4D9C00739406 /* KVOHelper.swift */,
				9EE8AB021BFD5B9B00739406 /* Info.plist */,
			);
			path = PMKVObserverTests;
			sourceTree = "<group>";
		};
/* End PBXGroup section */

/* Begin PBXHeadersBuildPhase section */
		9EE8AAEE1BFD5B9B00739406 /* Headers */ = {
			isa = PBXHeadersBuildPhase;
			buildActionMask = 2147483647;
			files = (
				9EE8AAF51BFD5B9B00739406 /* PMKVObserver.h in Headers */,
				0AA68A1F1BFD9B780053C76D /* KVObserver.h in Headers */,
			);
			runOnlyForDeploymentPostprocessing = 0;
		};
/* End PBXHeadersBuildPhase section */

/* Begin PBXNativeTarget section */
		9EE8AAF01BFD5B9B00739406 /* PMKVObserver */ = {
			isa = PBXNativeTarget;
			buildConfigurationList = 9EE8AB051BFD5B9B00739406 /* Build configuration list for PBXNativeTarget "PMKVObserver" */;
			buildPhases = (
				9EE8AAEC1BFD5B9B00739406 /* Sources */,
				9EE8AAED1BFD5B9B00739406 /* Frameworks */,
				9EE8AAEE1BFD5B9B00739406 /* Headers */,
				9EE8AAEF1BFD5B9B00739406 /* Resources */,
			);
			buildRules = (
			);
			dependencies = (
			);
			name = PMKVObserver;
			productName = PMKVObserver;
			productReference = 9EE8AAF11BFD5B9B00739406 /* PMKVObserver.framework */;
			productType = "com.apple.product-type.framework";
		};
		9EE8AAFA1BFD5B9B00739406 /* PMKVObserverTests */ = {
			isa = PBXNativeTarget;
			buildConfigurationList = 9EE8AB081BFD5B9B00739406 /* Build configuration list for PBXNativeTarget "PMKVObserverTests" */;
			buildPhases = (
				9EE8AAF71BFD5B9B00739406 /* Sources */,
				9EE8AAF81BFD5B9B00739406 /* Frameworks */,
				9EE8AAF91BFD5B9B00739406 /* Resources */,
			);
			buildRules = (
			);
			dependencies = (
				9EE8AAFE1BFD5B9B00739406 /* PBXTargetDependency */,
			);
			name = PMKVObserverTests;
			productName = PMKVObserverTests;
			productReference = 9EE8AAFB1BFD5B9B00739406 /* PMKVObserverTests.xctest */;
			productType = "com.apple.product-type.bundle.unit-test";
		};
/* End PBXNativeTarget section */

/* Begin PBXProject section */
		9EE8AAE81BFD5B9B00739406 /* Project object */ = {
			isa = PBXProject;
			attributes = {
				LastSwiftUpdateCheck = 0710;
				LastUpgradeCheck = 0800;
				ORGANIZATIONNAME = Postmates;
				TargetAttributes = {
					9EE8AAF01BFD5B9B00739406 = {
						CreatedOnToolsVersion = 7.1.1;
						LastSwiftMigration = 0800;
					};
					9EE8AAFA1BFD5B9B00739406 = {
						CreatedOnToolsVersion = 7.1.1;
						LastSwiftMigration = 0800;
					};
				};
			};
			buildConfigurationList = 9EE8AAEB1BFD5B9B00739406 /* Build configuration list for PBXProject "PMKVObserver" */;
			compatibilityVersion = "Xcode 3.2";
			developmentRegion = English;
			hasScannedForEncodings = 0;
			knownRegions = (
				en,
			);
			mainGroup = 9EE8AAE71BFD5B9B00739406;
			productRefGroup = 9EE8AAF21BFD5B9B00739406 /* Products */;
			projectDirPath = "";
			projectRoot = "";
			targets = (
				9EE8AAF01BFD5B9B00739406 /* PMKVObserver */,
				9EE8AAFA1BFD5B9B00739406 /* PMKVObserverTests */,
			);
		};
/* End PBXProject section */

/* Begin PBXResourcesBuildPhase section */
		9EE8AAEF1BFD5B9B00739406 /* Resources */ = {
			isa = PBXResourcesBuildPhase;
			buildActionMask = 2147483647;
			files = (
			);
			runOnlyForDeploymentPostprocessing = 0;
		};
		9EE8AAF91BFD5B9B00739406 /* Resources */ = {
			isa = PBXResourcesBuildPhase;
			buildActionMask = 2147483647;
			files = (
			);
			runOnlyForDeploymentPostprocessing = 0;
		};
/* End PBXResourcesBuildPhase section */

/* Begin PBXSourcesBuildPhase section */
		9EE8AAEC1BFD5B9B00739406 /* Sources */ = {
			isa = PBXSourcesBuildPhase;
			buildActionMask = 2147483647;
			files = (
				9EE8AB0C1BFD5BAA00739406 /* KVObserver.swift in Sources */,
				0AA68A1D1BFD9B5C0053C76D /* KVObserver.m in Sources */,
			);
			runOnlyForDeploymentPostprocessing = 0;
		};
		9EE8AAF71BFD5B9B00739406 /* Sources */ = {
			isa = PBXSourcesBuildPhase;
			buildActionMask = 2147483647;
			files = (
				9EE8AB101BFE4D9C00739406 /* KVOHelper.swift in Sources */,
				9EE8AB011BFD5B9B00739406 /* KVObserverTests.swift in Sources */,
				9EE8AB0E1BFE4CE000739406 /* PMKVObserverTests.m in Sources */,
			);
			runOnlyForDeploymentPostprocessing = 0;
		};
/* End PBXSourcesBuildPhase section */

/* Begin PBXTargetDependency section */
		9EE8AAFE1BFD5B9B00739406 /* PBXTargetDependency */ = {
			isa = PBXTargetDependency;
			target = 9EE8AAF01BFD5B9B00739406 /* PMKVObserver */;
			targetProxy = 9EE8AAFD1BFD5B9B00739406 /* PBXContainerItemProxy */;
		};
/* End PBXTargetDependency section */

/* Begin XCBuildConfiguration section */
		9EE8AB031BFD5B9B00739406 /* Debug */ = {
			isa = XCBuildConfiguration;
			buildSettings = {
				ALWAYS_SEARCH_USER_PATHS = NO;
				APPLICATION_EXTENSION_API_ONLY = YES;
				CLANG_CXX_LANGUAGE_STANDARD = "gnu++0x";
				CLANG_CXX_LIBRARY = "libc++";
				CLANG_ENABLE_MODULES = YES;
				CLANG_ENABLE_OBJC_ARC = YES;
				CLANG_WARN_BOOL_CONVERSION = YES;
				CLANG_WARN_CONSTANT_CONVERSION = YES;
				CLANG_WARN_DIRECT_OBJC_ISA_USAGE = YES_ERROR;
				CLANG_WARN_EMPTY_BODY = YES;
				CLANG_WARN_ENUM_CONVERSION = YES;
				CLANG_WARN_INFINITE_RECURSION = YES;
				CLANG_WARN_INT_CONVERSION = YES;
				CLANG_WARN_OBJC_ROOT_CLASS = YES_ERROR;
				CLANG_WARN_SUSPICIOUS_MOVE = YES;
				CLANG_WARN_UNREACHABLE_CODE = YES;
				CLANG_WARN__DUPLICATE_METHOD_MATCH = YES;
				"CODE_SIGN_IDENTITY[sdk=iphoneos*]" = "iPhone Developer";
				COPY_PHASE_STRIP = NO;
				CURRENT_PROJECT_VERSION = 1;
				DEBUG_INFORMATION_FORMAT = dwarf;
				ENABLE_STRICT_OBJC_MSGSEND = YES;
				ENABLE_TESTABILITY = YES;
				GCC_C_LANGUAGE_STANDARD = gnu99;
				GCC_DYNAMIC_NO_PIC = NO;
				GCC_NO_COMMON_BLOCKS = YES;
				GCC_OPTIMIZATION_LEVEL = 0;
				GCC_PREPROCESSOR_DEFINITIONS = (
					"DEBUG=1",
					"$(inherited)",
				);
				GCC_WARN_64_TO_32_BIT_CONVERSION = YES;
				GCC_WARN_ABOUT_RETURN_TYPE = YES_ERROR;
				GCC_WARN_UNDECLARED_SELECTOR = YES;
				GCC_WARN_UNINITIALIZED_AUTOS = YES_AGGRESSIVE;
				GCC_WARN_UNUSED_FUNCTION = YES;
				GCC_WARN_UNUSED_VARIABLE = YES;
				IPHONEOS_DEPLOYMENT_TARGET = 8.0;
				MACOSX_DEPLOYMENT_TARGET = 10.9;
				MTL_ENABLE_DEBUG_INFO = YES;
				ONLY_ACTIVE_ARCH = YES;
				SWIFT_OPTIMIZATION_LEVEL = "-Onone";
				TARGETED_DEVICE_FAMILY = "1,2,3,4";
				TVOS_DEPLOYMENT_TARGET = 9.0;
				VERSIONING_SYSTEM = "apple-generic";
				VERSION_INFO_PREFIX = "";
				WATCHOS_DEPLOYMENT_TARGET = 2.0;
			};
			name = Debug;
		};
		9EE8AB041BFD5B9B00739406 /* Release */ = {
			isa = XCBuildConfiguration;
			buildSettings = {
				ALWAYS_SEARCH_USER_PATHS = NO;
				APPLICATION_EXTENSION_API_ONLY = YES;
				CLANG_CXX_LANGUAGE_STANDARD = "gnu++0x";
				CLANG_CXX_LIBRARY = "libc++";
				CLANG_ENABLE_MODULES = YES;
				CLANG_ENABLE_OBJC_ARC = YES;
				CLANG_WARN_BOOL_CONVERSION = YES;
				CLANG_WARN_CONSTANT_CONVERSION = YES;
				CLANG_WARN_DIRECT_OBJC_ISA_USAGE = YES_ERROR;
				CLANG_WARN_EMPTY_BODY = YES;
				CLANG_WARN_ENUM_CONVERSION = YES;
				CLANG_WARN_INFINITE_RECURSION = YES;
				CLANG_WARN_INT_CONVERSION = YES;
				CLANG_WARN_OBJC_ROOT_CLASS = YES_ERROR;
				CLANG_WARN_SUSPICIOUS_MOVE = YES;
				CLANG_WARN_UNREACHABLE_CODE = YES;
				CLANG_WARN__DUPLICATE_METHOD_MATCH = YES;
				"CODE_SIGN_IDENTITY[sdk=iphoneos*]" = "iPhone Developer";
				COPY_PHASE_STRIP = NO;
				CURRENT_PROJECT_VERSION = 1;
				DEBUG_INFORMATION_FORMAT = "dwarf-with-dsym";
				ENABLE_NS_ASSERTIONS = NO;
				ENABLE_STRICT_OBJC_MSGSEND = YES;
				GCC_C_LANGUAGE_STANDARD = gnu99;
				GCC_NO_COMMON_BLOCKS = YES;
				GCC_WARN_64_TO_32_BIT_CONVERSION = YES;
				GCC_WARN_ABOUT_RETURN_TYPE = YES_ERROR;
				GCC_WARN_UNDECLARED_SELECTOR = YES;
				GCC_WARN_UNINITIALIZED_AUTOS = YES_AGGRESSIVE;
				GCC_WARN_UNUSED_FUNCTION = YES;
				GCC_WARN_UNUSED_VARIABLE = YES;
				IPHONEOS_DEPLOYMENT_TARGET = 8.0;
				MACOSX_DEPLOYMENT_TARGET = 10.9;
				MTL_ENABLE_DEBUG_INFO = NO;
				SWIFT_OPTIMIZATION_LEVEL = "-Owholemodule";
				TARGETED_DEVICE_FAMILY = "1,2,3,4";
				TVOS_DEPLOYMENT_TARGET = 9.0;
				VALIDATE_PRODUCT = YES;
				VERSIONING_SYSTEM = "apple-generic";
				VERSION_INFO_PREFIX = "";
				WATCHOS_DEPLOYMENT_TARGET = 2.0;
			};
			name = Release;
		};
		9EE8AB061BFD5B9B00739406 /* Debug */ = {
			isa = XCBuildConfiguration;
			buildSettings = {
				CLANG_ENABLE_MODULES = YES;
				DEFINES_MODULE = YES;
				DYLIB_COMPATIBILITY_VERSION = 1;
				DYLIB_CURRENT_VERSION = 1;
				DYLIB_INSTALL_NAME_BASE = "@rpath";
				INFOPLIST_FILE = PMKVObserver/Info.plist;
				INSTALL_PATH = "$(LOCAL_LIBRARY_DIR)/Frameworks";
				LD_RUNPATH_SEARCH_PATHS = "$(inherited) @executable_path/Frameworks @loader_path/Frameworks";
				PRODUCT_BUNDLE_IDENTIFIER = com.postmates.PMKVObserver;
				PRODUCT_NAME = "$(TARGET_NAME)";
				SKIP_INSTALL = YES;
				SUPPORTED_PLATFORMS = "iphonesimulator iphoneos macosx watchsimulator watchos appletvsimulator appletvos";
				SWIFT_OPTIMIZATION_LEVEL = "-Onone";
				SWIFT_VERSION = 3.0;
			};
			name = Debug;
		};
		9EE8AB071BFD5B9B00739406 /* Release */ = {
			isa = XCBuildConfiguration;
			buildSettings = {
				CLANG_ENABLE_MODULES = YES;
				DEFINES_MODULE = YES;
				DYLIB_COMPATIBILITY_VERSION = 1;
				DYLIB_CURRENT_VERSION = 1;
				DYLIB_INSTALL_NAME_BASE = "@rpath";
				INFOPLIST_FILE = PMKVObserver/Info.plist;
				INSTALL_PATH = "$(LOCAL_LIBRARY_DIR)/Frameworks";
				LD_RUNPATH_SEARCH_PATHS = "$(inherited) @executable_path/Frameworks @loader_path/Frameworks";
				PRODUCT_BUNDLE_IDENTIFIER = com.postmates.PMKVObserver;
				PRODUCT_NAME = "$(TARGET_NAME)";
				SKIP_INSTALL = YES;
				SUPPORTED_PLATFORMS = "iphonesimulator iphoneos macosx watchsimulator watchos appletvsimulator appletvos";
				SWIFT_VERSION = 3.0;
			};
			name = Release;
		};
		9EE8AB091BFD5B9B00739406 /* Debug */ = {
			isa = XCBuildConfiguration;
			buildSettings = {
				APPLICATION_EXTENSION_API_ONLY = NO;
				CLANG_ENABLE_MODULES = YES;
				INFOPLIST_FILE = PMKVObserverTests/Info.plist;
				LD_RUNPATH_SEARCH_PATHS = "$(inherited) @executable_path/Frameworks @loader_path/Frameworks";
				"LD_RUNPATH_SEARCH_PATHS[sdk=macosx*]" = "$(inherited) @executable_path/../Frameworks @loader_path/../Frameworks";
				PRODUCT_BUNDLE_IDENTIFIER = com.postmates.PMKVObserverTests;
				PRODUCT_NAME = "$(TARGET_NAME)";
				SUPPORTED_PLATFORMS = "iphonesimulator iphoneos macosx";
				SWIFT_OPTIMIZATION_LEVEL = "-Onone";
				SWIFT_VERSION = 3.0;
			};
			name = Debug;
		};
		9EE8AB0A1BFD5B9B00739406 /* Release */ = {
			isa = XCBuildConfiguration;
			buildSettings = {
				APPLICATION_EXTENSION_API_ONLY = NO;
				CLANG_ENABLE_MODULES = YES;
				INFOPLIST_FILE = PMKVObserverTests/Info.plist;
				LD_RUNPATH_SEARCH_PATHS = "$(inherited) @executable_path/Frameworks @loader_path/Frameworks";
				"LD_RUNPATH_SEARCH_PATHS[sdk=macosx*]" = "$(inherited) @executable_path/../Frameworks @loader_path/../Frameworks";
				PRODUCT_BUNDLE_IDENTIFIER = com.postmates.PMKVObserverTests;
				PRODUCT_NAME = "$(TARGET_NAME)";
				SUPPORTED_PLATFORMS = "iphonesimulator iphoneos macosx";
				SWIFT_VERSION = 3.0;
			};
			name = Release;
		};
/* End XCBuildConfiguration section */

/* Begin XCConfigurationList section */
		9EE8AAEB1BFD5B9B00739406 /* Build configuration list for PBXProject "PMKVObserver" */ = {
			isa = XCConfigurationList;
			buildConfigurations = (
				9EE8AB031BFD5B9B00739406 /* Debug */,
				9EE8AB041BFD5B9B00739406 /* Release */,
			);
			defaultConfigurationIsVisible = 0;
			defaultConfigurationName = Release;
		};
		9EE8AB051BFD5B9B00739406 /* Build configuration list for PBXNativeTarget "PMKVObserver" */ = {
			isa = XCConfigurationList;
			buildConfigurations = (
				9EE8AB061BFD5B9B00739406 /* Debug */,
				9EE8AB071BFD5B9B00739406 /* Release */,
			);
			defaultConfigurationIsVisible = 0;
			defaultConfigurationName = Release;
		};
		9EE8AB081BFD5B9B00739406 /* Build configuration list for PBXNativeTarget "PMKVObserverTests" */ = {
			isa = XCConfigurationList;
			buildConfigurations = (
				9EE8AB091BFD5B9B00739406 /* Debug */,
				9EE8AB0A1BFD5B9B00739406 /* Release */,
			);
			defaultConfigurationIsVisible = 0;
			defaultConfigurationName = Release;
		};
/* End XCConfigurationList section */
	};
	rootObject = 9EE8AAE81BFD5B9B00739406 /* Project object */;
}
